<?xml version="1.0" encoding="utf-8"?>
<Project ToolsVersion="4.0" xmlns="http://schemas.microsoft.com/developer/msbuild/2003">
  <ItemGroup>
    <Filter Include="Source Files">
      <UniqueIdentifier>{4FC737F1-C7A5-4376-A066-2A32D752A2FF}</UniqueIdentifier>
      <Extensions>cpp;c;cc;cxx;c++;cppm;ixx;def;odl;idl;hpj;bat;asm;asmx</Extensions>
    </Filter>
    <Filter Include="Header Files">
      <UniqueIdentifier>{93995380-89BD-4b04-88EB-625FBE52EBFB}</UniqueIdentifier>
      <Extensions>h;hh;hpp;hxx;h++;hm;inl;inc;ipp;xsd</Extensions>
    </Filter>
    <Filter Include="Resource Files">
      <UniqueIdentifier>{67DA6AB6-F800-4c08-8B7A-83BB121AAD01}</UniqueIdentifier>
      <Extensions>rc;ico;cur;bmp;dlg;rc2;rct;bin;rgs;gif;jpg;jpeg;jpe;resx;tiff;tif;png;wav;mfcribbon-ms</Extensions>
    </Filter>
    <Filter Include="Header Files\Model">
      <UniqueIdentifier>{e70b928e-b2fd-4eca-b327-b38310b03931}</UniqueIdentifier>
    </Filter>
    <Filter Include="Source Files\Model">
      <UniqueIdentifier>{dd9c6b25-1e1e-4719-8a1c-8eb39c0d3a88}</UniqueIdentifier>
    </Filter>
    <Filter Include="Header Files\View">
      <UniqueIdentifier>{40c9f88e-f2a4-4eca-a81c-9ce10234f5be}</UniqueIdentifier>
    </Filter>
    <Filter Include="Source Files\View">
      <UniqueIdentifier>{a8c94cdb-025c-4c56-be18-b0fa69d30d3a}</UniqueIdentifier>
    </Filter>
    <Filter Include="Header Files\Invalidation">
      <UniqueIdentifier>{3f734182-3b81-40a8-82c1-abba9bb59c2a}</UniqueIdentifier>
    </Filter>
    <Filter Include="Header Files\Controller">
      <UniqueIdentifier>{ebb6ca1b-6347-49ae-bd67-61f0496ef70e}</UniqueIdentifier>
    </Filter>
    <Filter Include="Source Files\Controller">
      <UniqueIdentifier>{a4d2f71e-f689-4a2a-b0cb-1177d60aaf88}</UniqueIdentifier>
    </Filter>
    <Filter Include="Source Files\Invalidation">
      <UniqueIdentifier>{4bad453c-c4f9-4cab-af6b-8964030a4dff}</UniqueIdentifier>
    </Filter>
    <Filter Include="Source Files\Model\ServerModel">
      <UniqueIdentifier>{c20dea2d-e90d-4fab-9f2f-c7fc88494e1b}</UniqueIdentifier>
    </Filter>
    <Filter Include="Header Files\Model\ServerModel">
      <UniqueIdentifier>{be950866-4d60-4b2c-9987-c16285d7d864}</UniqueIdentifier>
    </Filter>
  </ItemGroup>
  <ItemGroup>
    <ClInclude Include="ConsoleSetting.h">
      <Filter>Header Files\View</Filter>
    </ClInclude>
    <ClInclude Include="Server.h">
      <Filter>Header Files\Controller</Filter>
    </ClInclude>
    <ClInclude Include="Player.h">
      <Filter>Header Files\Model</Filter>
    </ClInclude>
    <ClInclude Include="GameProperties.h">
      <Filter>Header Files\Model</Filter>
    </ClInclude>
    <ClInclude Include="PointRecord.h">
      <Filter>Header Files\Model</Filter>
    </ClInclude>
    <ClInclude Include="GameDatabases.h">
      <Filter>Header Files\Model</Filter>
    </ClInclude>
    <ClInclude Include="GameRecord.h">
      <Filter>Header Files\Model</Filter>
    </ClInclude>
    <ClInclude Include="CheckedException.h">
      <Filter>Header Files\Invalidation</Filter>
    </ClInclude>
    <ClInclude Include="CheckInput.h">
      <Filter>Header Files\Invalidation</Filter>
    </ClInclude>
    <ClInclude Include="User.h">
      <Filter>Header Files\Model\ServerModel</Filter>
    </ClInclude>
    <ClInclude Include="IniDatabases.h">
      <Filter>Header Files\Model</Filter>
    </ClInclude>
  </ItemGroup>
  <ItemGroup>
    <ClCompile Include="ConsoleSetting.cpp">
      <Filter>Source Files\View</Filter>
    </ClCompile>
    <ClCompile Include="Server.cpp">
      <Filter>Source Files\Controller</Filter>
    </ClCompile>
    <ClCompile Include="Player.cpp">
      <Filter>Source Files\Model</Filter>
    </ClCompile>
    <ClCompile Include="PointRecord.cpp">
      <Filter>Source Files\Model</Filter>
    </ClCompile>
    <ClCompile Include="Gameproperties.cpp">
      <Filter>Source Files\Model</Filter>
    </ClCompile>
    <ClCompile Include="GameDatabases.cpp">
      <Filter>Source Files\Model</Filter>
    </ClCompile>
    <ClCompile Include="GameRecord.cpp">
      <Filter>Source Files\Model</Filter>
    </ClCompile>
    <ClCompile Include="main.cpp">
      <Filter>Source Files</Filter>
    </ClCompile>
    <ClCompile Include="CheckInput.cpp">
      <Filter>Source Files\Invalidation</Filter>
    </ClCompile>
    <ClCompile Include="User.cpp">
      <Filter>Source Files\Model\ServerModel</Filter>
    </ClCompile>
    <ClCompile Include="IniDatabases.cpp">
      <Filter>Source Files\Model</Filter>
    </ClCompile>
  </ItemGroup>
</Project>